// !$*UTF8*$!
{
	archiveVersion = 1;
	classes = {
	};
	objectVersion = 77;
	objects = {

/* Begin PBXBuildFile section */
		3D2BEA3D2F1FA1AA008A6F38 /* SocketIO in Frameworks */ = {isa = PBXBuildFile; productRef = 3D2BEA3C2F1FA1AA008A6F38 /* SocketIO */; };
		3D2BEA762F21D070008A6F38 /* Config.xcconfig in Resources */ = {isa = PBXBuildFile; fileRef = 3D2BEA752F21D070008A6F38 /* Config.xcconfig */; };
		3D2C11722F0788BE005DCB6A /* CropViewController in Frameworks */ = {isa = PBXBuildFile; productRef = 3D2C11712F0788BE005DCB6A /* CropViewController */; };
		3D2C11742F0788BE005DCB6A /* TOCropViewController in Frameworks */ = {isa = PBXBuildFile; productRef = 3D2C11732F0788BE005DCB6A /* TOCropViewController */; };
		3D2C11A82F0795D0005DCB6A /* ClothingImageClassifier.mlmodel in Sources */ = {isa = PBXBuildFile; fileRef = 3D2C11A72F0795D0005DCB6A /* ClothingImageClassifier.mlmodel */; };
		3D2C12002F088577005DCB6A /* Auth in Frameworks */ = {isa = PBXBuildFile; productRef = 3D2C11FF2F088577005DCB6A /* Auth */; };
		3D2C12022F088577005DCB6A /* Functions in Frameworks */ = {isa = PBXBuildFile; productRef = 3D2C12012F088577005DCB6A /* Functions */; };
		3D2C12042F088577005DCB6A /* PostgREST in Frameworks */ = {isa = PBXBuildFile; productRef = 3D2C12032F088577005DCB6A /* PostgREST */; };
		3D2C12062F088577005DCB6A /* Realtime in Frameworks */ = {isa = PBXBuildFile; productRef = 3D2C12052F088577005DCB6A /* Realtime */; };
		3D2C12082F088577005DCB6A /* Storage in Frameworks */ = {isa = PBXBuildFile; productRef = 3D2C12072F088577005DCB6A /* Storage */; };
		3D2C12292F0886B6005DCB6A /* Supabase in Frameworks */ = {isa = PBXBuildFile; productRef = 3D2C12282F0886B6005DCB6A /* Supabase */; };
		3D2C12312F0D2541005DCB6A /* bible.json in Resources */ = {isa = PBXBuildFile; fileRef = 3D2C12302F0D2541005DCB6A /* bible.json */; };
		3D6D17302F181C8B008B1CB8 /* GoogleSignIn in Frameworks */ = {isa = PBXBuildFile; productRef = 3D6D172F2F181C8B008B1CB8 /* GoogleSignIn */; };
		3D6D17322F181C8B008B1CB8 /* GoogleSignInSwift in Frameworks */ = {isa = PBXBuildFile; productRef = 3D6D17312F181C8B008B1CB8 /* GoogleSignInSwift */; };
/* End PBXBuildFile section */

/* Begin PBXContainerItemProxy section */
		3D2C11422F043085005DCB6A /* PBXContainerItemProxy */ = {
			isa = PBXContainerItemProxy;
			containerPortal = 3D2C11272F043084005DCB6A /* Project object */;
			proxyType = 1;
			remoteGlobalIDString = 3D2C112E2F043084005DCB6A;
			remoteInfo = swift_tutorial;
		};
		3D2C114C2F043086005DCB6A /* PBXContainerItemProxy */ = {
			isa = PBXContainerItemProxy;
			containerPortal = 3D2C11272F043084005DCB6A /* Project object */;
			proxyType = 1;
			remoteGlobalIDString = 3D2C112E2F043084005DCB6A;
			remoteInfo = swift_tutorial;
		};
/* End PBXContainerItemProxy section */

/* Begin PBXFileReference section */
		3D2BEA752F21D070008A6F38 /* Config.xcconfig */ = {isa = PBXFileReference; lastKnownFileType = text.xcconfig; path = Config.xcconfig; sourceTree = "<group>"; };
		3D2C112F2F043084005DCB6A /* swift_tutorial.app */ = {isa = PBXFileReference; explicitFileType = wrapper.application; includeInIndex = 0; path = swift_tutorial.app; sourceTree = BUILT_PRODUCTS_DIR; };
		3D2C11412F043085005DCB6A /* swift_tutorialTests.xctest */ = {isa = PBXFileReference; explicitFileType = wrapper.cfbundle; includeInIndex = 0; path = swift_tutorialTests.xctest; sourceTree = BUILT_PRODUCTS_DIR; };
		3D2C114B2F043086005DCB6A /* swift_tutorialUITests.xctest */ = {isa = PBXFileReference; explicitFileType = wrapper.cfbundle; includeInIndex = 0; path = swift_tutorialUITests.xctest; sourceTree = BUILT_PRODUCTS_DIR; };
		3D2C11A72F0795D0005DCB6A /* ClothingImageClassifier.mlmodel */ = {isa = PBXFileReference; lastKnownFileType = file.mlmodel; path = ClothingImageClassifier.mlmodel; sourceTree = "<group>"; };
		3D2C12302F0D2541005DCB6A /* bible.json */ = {isa = PBXFileReference; lastKnownFileType = text.json; path = bible.json; sourceTree = "<group>"; };
/* End PBXFileReference section */

/* Begin PBXFileSystemSynchronizedRootGroup section */
		3D2C11312F043084005DCB6A /* swift_tutorial */ = {
			isa = PBXFileSystemSynchronizedRootGroup;
			path = swift_tutorial;
			sourceTree = "<group>";
		};
		3D2C11442F043085005DCB6A /* swift_tutorialTests */ = {
			isa = PBXFileSystemSynchronizedRootGroup;
			path = swift_tutorialTests;
			sourceTree = "<group>";
		};
		3D2C114E2F043086005DCB6A /* swift_tutorialUITests */ = {
			isa = PBXFileSystemSynchronizedRootGroup;
			path = swift_tutorialUITests;
			sourceTree = "<group>";
		};
/* End PBXFileSystemSynchronizedRootGroup section */

/* Begin PBXFrameworksBuildPhase section */
		3D2C112C2F043084005DCB6A /* Frameworks */ = {
			isa = PBXFrameworksBuildPhase;
			buildActionMask = 2147483647;
			files = (
				3D2C11742F0788BE005DCB6A /* TOCropViewController in Frameworks */,
				3D2C11722F0788BE005DCB6A /* CropViewController in Frameworks */,
				3D2C12082F088577005DCB6A /* Storage in Frameworks */,
				3D2C12022F088577005DCB6A /* Functions in Frameworks */,
				3D2C12292F0886B6005DCB6A /* Supabase in Frameworks */,
				3D2BEA3D2F1FA1AA008A6F38 /* SocketIO in Frameworks */,
				3D6D17322F181C8B008B1CB8 /* GoogleSignInSwift in Frameworks */,
				3D2C12062F088577005DCB6A /* Realtime in Frameworks */,
				3D2C12002F088577005DCB6A /* Auth in Frameworks */,
				3D2C12042F088577005DCB6A /* PostgREST in Frameworks */,
				3D6D17302F181C8B008B1CB8 /* GoogleSignIn in Frameworks */,
			);
			runOnlyForDeploymentPostprocessing = 0;
		};
		3D2C113E2F043085005DCB6A /* Frameworks */ = {
			isa = PBXFrameworksBuildPhase;
			buildActionMask = 2147483647;
			files = (
			);
			runOnlyForDeploymentPostprocessing = 0;
		};
		3D2C11482F043086005DCB6A /* Frameworks */ = {
			isa = PBXFrameworksBuildPhase;
			buildActionMask = 2147483647;
			files = (
			);
			runOnlyForDeploymentPostprocessing = 0;
		};
/* End PBXFrameworksBuildPhase section */

/* Begin PBXGroup section */
		3D2C11262F043084005DCB6A = {
			isa = PBXGroup;
			children = (
				3D2BEA752F21D070008A6F38 /* Config.xcconfig */,
				3D2C11312F043084005DCB6A /* swift_tutorial */,
				3D2C11442F043085005DCB6A /* swift_tutorialTests */,
				3D2C114E2F043086005DCB6A /* swift_tutorialUITests */,
				3D2C11302F043084005DCB6A /* Products */,
				3D2C11A72F0795D0005DCB6A /* ClothingImageClassifier.mlmodel */,
				3D2C12302F0D2541005DCB6A /* bible.json */,
			);
			sourceTree = "<group>";
		};
		3D2C11302F043084005DCB6A /* Products */ = {
			isa = PBXGroup;
			children = (
				3D2C112F2F043084005DCB6A /* swift_tutorial.app */,
				3D2C11412F043085005DCB6A /* swift_tutorialTests.xctest */,
				3D2C114B2F043086005DCB6A /* swift_tutorialUITests.xctest */,
			);
			name = Products;
			sourceTree = "<group>";
		};
/* End PBXGroup section */

/* Begin PBXNativeTarget section */
		3D2C112E2F043084005DCB6A /* swift_tutorial */ = {
			isa = PBXNativeTarget;
			buildConfigurationList = 3D2C11552F043086005DCB6A /* Build configuration list for PBXNativeTarget "swift_tutorial" */;
			buildPhases = (
				3D2C112B2F043084005DCB6A /* Sources */,
				3D2C112C2F043084005DCB6A /* Frameworks */,
				3D2C112D2F043084005DCB6A /* Resources */,
			);
			buildRules = (
			);
			dependencies = (
			);
			fileSystemSynchronizedGroups = (
				3D2C11312F043084005DCB6A /* swift_tutorial */,
			);
			name = swift_tutorial;
			packageProductDependencies = (
				3D2C11712F0788BE005DCB6A /* CropViewController */,
				3D2C11732F0788BE005DCB6A /* TOCropViewController */,
				3D2C11FF2F088577005DCB6A /* Auth */,
				3D2C12012F088577005DCB6A /* Functions */,
				3D2C12032F088577005DCB6A /* PostgREST */,
				3D2C12052F088577005DCB6A /* Realtime */,
				3D2C12072F088577005DCB6A /* Storage */,
				3D2C12282F0886B6005DCB6A /* Supabase */,
				3D6D172F2F181C8B008B1CB8 /* GoogleSignIn */,
				3D6D17312F181C8B008B1CB8 /* GoogleSignInSwift */,
				3D2BEA3C2F1FA1AA008A6F38 /* SocketIO */,
			);
			productName = swift_tutorial;
			productReference = 3D2C112F2F043084005DCB6A /* swift_tutorial.app */;
			productType = "com.apple.product-type.application";
		};
		3D2C11402F043085005DCB6A /* swift_tutorialTests */ = {
			isa = PBXNativeTarget;
			buildConfigurationList = 3D2C11582F043086005DCB6A /* Build configuration list for PBXNativeTarget "swift_tutorialTests" */;
			buildPhases = (
				3D2C113D2F043085005DCB6A /* Sources */,
				3D2C113E2F043085005DCB6A /* Frameworks */,
				3D2C113F2F043085005DCB6A /* Resources */,
			);
			buildRules = (
			);
			dependencies = (
				3D2C11432F043085005DCB6A /* PBXTargetDependency */,
			);
			fileSystemSynchronizedGroups = (
				3D2C11442F043085005DCB6A /* swift_tutorialTests */,
			);
			name = swift_tutorialTests;
			packageProductDependencies = (
			);
			productName = swift_tutorialTests;
			productReference = 3D2C11412F043085005DCB6A /* swift_tutorialTests.xctest */;
			productType = "com.apple.product-type.bundle.unit-test";
		};
		3D2C114A2F043086005DCB6A /* swift_tutorialUITests */ = {
			isa = PBXNativeTarget;
			buildConfigurationList = 3D2C115B2F043086005DCB6A /* Build configuration list for PBXNativeTarget "swift_tutorialUITests" */;
			buildPhases = (
				3D2C11472F043086005DCB6A /* Sources */,
				3D2C11482F043086005DCB6A /* Frameworks */,
				3D2C11492F043086005DCB6A /* Resources */,
			);
			buildRules = (
			);
			dependencies = (
				3D2C114D2F043086005DCB6A /* PBXTargetDependency */,
			);
			fileSystemSynchronizedGroups = (
				3D2C114E2F043086005DCB6A /* swift_tutorialUITests */,
			);
			name = swift_tutorialUITests;
			packageProductDependencies = (
			);
			productName = swift_tutorialUITests;
			productReference = 3D2C114B2F043086005DCB6A /* swift_tutorialUITests.xctest */;
			productType = "com.apple.product-type.bundle.ui-testing";
		};
/* End PBXNativeTarget section */

/* Begin PBXProject section */
		3D2C11272F043084005DCB6A /* Project object */ = {
			isa = PBXProject;
			attributes = {
				BuildIndependentTargetsInParallel = 1;
				LastSwiftUpdateCheck = 1620;
				LastUpgradeCheck = 1620;
				TargetAttributes = {
					3D2C112E2F043084005DCB6A = {
						CreatedOnToolsVersion = 16.2;
					};
					3D2C11402F043085005DCB6A = {
						CreatedOnToolsVersion = 16.2;
						TestTargetID = 3D2C112E2F043084005DCB6A;
					};
					3D2C114A2F043086005DCB6A = {
						CreatedOnToolsVersion = 16.2;
						TestTargetID = 3D2C112E2F043084005DCB6A;
					};
				};
			};
			buildConfigurationList = 3D2C112A2F043084005DCB6A /* Build configuration list for PBXProject "swift_tutorial" */;
			developmentRegion = en;
			hasScannedForEncodings = 0;
			knownRegions = (
				en,
				Base,
			);
			mainGroup = 3D2C11262F043084005DCB6A;
			minimizedProjectReferenceProxies = 1;
			packageReferences = (
				3D2C11702F0788BE005DCB6A /* XCRemoteSwiftPackageReference "TOCropViewController" */,
				3D2C11FE2F088577005DCB6A /* XCRemoteSwiftPackageReference "supabase-swift" */,
				3D6D172E2F181C8B008B1CB8 /* XCRemoteSwiftPackageReference "GoogleSignIn-iOS" */,
				3D2BEA3B2F1FA1AA008A6F38 /* XCRemoteSwiftPackageReference "socket" */,
			);
			preferredProjectObjectVersion = 77;
			productRefGroup = 3D2C11302F043084005DCB6A /* Products */;
			projectDirPath = "";
			projectRoot = "";
			targets = (
				3D2C112E2F043084005DCB6A /* swift_tutorial */,
				3D2C11402F043085005DCB6A /* swift_tutorialTests */,
				3D2C114A2F043086005DCB6A /* swift_tutorialUITests */,
			);
		};
/* End PBXProject section */

/* Begin PBXResourcesBuildPhase section */
		3D2C112D2F043084005DCB6A /* Resources */ = {
			isa = PBXResourcesBuildPhase;
			buildActionMask = 2147483647;
			files = (
				3D2BEA762F21D070008A6F38 /* Config.xcconfig in Resources */,
				3D2C12312F0D2541005DCB6A /* bible.json in Resources */,
			);
			runOnlyForDeploymentPostprocessing = 0;
		};
		3D2C113F2F043085005DCB6A /* Resources */ = {
			isa = PBXResourcesBuildPhase;
			buildActionMask = 2147483647;
			files = (
			);
			runOnlyForDeploymentPostprocessing = 0;
		};
		3D2C11492F043086005DCB6A /* Resources */ = {
			isa = PBXResourcesBuildPhase;
			buildActionMask = 2147483647;
			files = (
			);
			runOnlyForDeploymentPostprocessing = 0;
		};
/* End PBXResourcesBuildPhase section */

/* Begin PBXSourcesBuildPhase section */
		3D2C112B2F043084005DCB6A /* Sources */ = {
			isa = PBXSourcesBuildPhase;
			buildActionMask = 2147483647;
			files = (
				3D2C11A82F0795D0005DCB6A /* ClothingImageClassifier.mlmodel in Sources */,
			);
			runOnlyForDeploymentPostprocessing = 0;
		};
		3D2C113D2F043085005DCB6A /* Sources */ = {
			isa = PBXSourcesBuildPhase;
			buildActionMask = 2147483647;
			files = (
			);
			runOnlyForDeploymentPostprocessing = 0;
		};
		3D2C11472F043086005DCB6A /* Sources */ = {
			isa = PBXSourcesBuildPhase;
			buildActionMask = 2147483647;
			files = (
			);
			runOnlyForDeploymentPostprocessing = 0;
		};
/* End PBXSourcesBuildPhase section */

/* Begin PBXTargetDependency section */
		3D2C11432F043085005DCB6A /* PBXTargetDependency */ = {
			isa = PBXTargetDependency;
			target = 3D2C112E2F043084005DCB6A /* swift_tutorial */;
			targetProxy = 3D2C11422F043085005DCB6A /* PBXContainerItemProxy */;
		};
		3D2C114D2F043086005DCB6A /* PBXTargetDependency */ = {
			isa = PBXTargetDependency;
			target = 3D2C112E2F043084005DCB6A /* swift_tutorial */;
			targetProxy = 3D2C114C2F043086005DCB6A /* PBXContainerItemProxy */;
		};
/* End PBXTargetDependency section */

/* Begin XCBuildConfiguration section */
		3D2C11532F043086005DCB6A /* Debug */ = {
			isa = XCBuildConfiguration;
			baseConfigurationReference = 3D2BEA752F21D070008A6F38 /* Config.xcconfig */;
			buildSettings = {
				ALWAYS_SEARCH_USER_PATHS = NO;
				ASSETCATALOG_COMPILER_GENERATE_SWIFT_ASSET_SYMBOL_EXTENSIONS = YES;
				CLANG_ANALYZER_NONNULL = YES;
				CLANG_ANALYZER_NUMBER_OBJECT_CONVERSION = YES_AGGRESSIVE;
				CLANG_CXX_LANGUAGE_STANDARD = "gnu++20";
				CLANG_ENABLE_MODULES = YES;
				CLANG_ENABLE_OBJC_ARC = YES;
				CLANG_ENABLE_OBJC_WEAK = YES;
				CLANG_WARN_BLOCK_CAPTURE_AUTORELEASING = YES;
				CLANG_WARN_BOOL_CONVERSION = YES;
				CLANG_WARN_COMMA = YES;
				CLANG_WARN_CONSTANT_CONVERSION = YES;
				CLANG_WARN_DEPRECATED_OBJC_IMPLEMENTATIONS = YES;
				CLANG_WARN_DIRECT_OBJC_ISA_USAGE = YES_ERROR;
				CLANG_WARN_DOCUMENTATION_COMMENTS = YES;
				CLANG_WARN_EMPTY_BODY = YES;
				CLANG_WARN_ENUM_CONVERSION = YES;
				CLANG_WARN_INFINITE_RECURSION = YES;
				CLANG_WARN_INT_CONVERSION = YES;
				CLANG_WARN_NON_LITERAL_NULL_CONVERSION = YES;
				CLANG_WARN_OBJC_IMPLICIT_RETAIN_SELF = YES;
				CLANG_WARN_OBJC_LITERAL_CONVERSION = YES;
				CLANG_WARN_OBJC_ROOT_CLASS = YES_ERROR;
				CLANG_WARN_QUOTED_INCLUDE_IN_FRAMEWORK_HEADER = YES;
				CLANG_WARN_RANGE_LOOP_ANALYSIS = YES;
				CLANG_WARN_STRICT_PROTOTYPES = YES;
				CLANG_WARN_SUSPICIOUS_MOVE = YES;
				CLANG_WARN_UNGUARDED_AVAILABILITY = YES_AGGRESSIVE;
				CLANG_WARN_UNREACHABLE_CODE = YES;
				CLANG_WARN__DUPLICATE_METHOD_MATCH = YES;
				COPY_PHASE_STRIP = NO;
				DEBUG_INFORMATION_FORMAT = dwarf;
				ENABLE_STRICT_OBJC_MSGSEND = YES;
				ENABLE_TESTABILITY = YES;
				ENABLE_USER_SCRIPT_SANDBOXING = YES;
				GCC_C_LANGUAGE_STANDARD = gnu17;
				GCC_DYNAMIC_NO_PIC = NO;
				GCC_NO_COMMON_BLOCKS = YES;
				GCC_OPTIMIZATION_LEVEL = 0;
				GCC_PREPROCESSOR_DEFINITIONS = (
					"DEBUG=1",
					"$(inherited)",
				);
				GCC_WARN_64_TO_32_BIT_CONVERSION = YES;
				GCC_WARN_ABOUT_RETURN_TYPE = YES_ERROR;
				GCC_WARN_UNDECLARED_SELECTOR = YES;
				GCC_WARN_UNINITIALIZED_AUTOS = YES_AGGRESSIVE;
				GCC_WARN_UNUSED_FUNCTION = YES;
				GCC_WARN_UNUSED_VARIABLE = YES;
				IPHONEOS_DEPLOYMENT_TARGET = 18.2;
				LOCALIZATION_PREFERS_STRING_CATALOGS = YES;
				MTL_ENABLE_DEBUG_INFO = INCLUDE_SOURCE;
				MTL_FAST_MATH = YES;
				ONLY_ACTIVE_ARCH = YES;
				SDKROOT = iphoneos;
				SWIFT_ACTIVE_COMPILATION_CONDITIONS = "DEBUG $(inherited)";
				SWIFT_OPTIMIZATION_LEVEL = "-Onone";
			};
			name = Debug;
		};
		3D2C11542F043086005DCB6A /* Release */ = {
			isa = XCBuildConfiguration;
			buildSettings = {
				ALWAYS_SEARCH_USER_PATHS = NO;
				ASSETCATALOG_COMPILER_GENERATE_SWIFT_ASSET_SYMBOL_EXTENSIONS = YES;
				CLANG_ANALYZER_NONNULL = YES;
				CLANG_ANALYZER_NUMBER_OBJECT_CONVERSION = YES_AGGRESSIVE;
				CLANG_CXX_LANGUAGE_STANDARD = "gnu++20";
				CLANG_ENABLE_MODULES = YES;
				CLANG_ENABLE_OBJC_ARC = YES;
				CLANG_ENABLE_OBJC_WEAK = YES;
				CLANG_WARN_BLOCK_CAPTURE_AUTORELEASING = YES;
				CLANG_WARN_BOOL_CONVERSION = YES;
				CLANG_WARN_COMMA = YES;
				CLANG_WARN_CONSTANT_CONVERSION = YES;
				CLANG_WARN_DEPRECATED_OBJC_IMPLEMENTATIONS = YES;
				CLANG_WARN_DIRECT_OBJC_ISA_USAGE = YES_ERROR;
				CLANG_WARN_DOCUMENTATION_COMMENTS = YES;
				CLANG_WARN_EMPTY_BODY = YES;
				CLANG_WARN_ENUM_CONVERSION = YES;
				CLANG_WARN_INFINITE_RECURSION = YES;
				CLANG_WARN_INT_CONVERSION = YES;
				CLANG_WARN_NON_LITERAL_NULL_CONVERSION = YES;
				CLANG_WARN_OBJC_IMPLICIT_RETAIN_SELF = YES;
				CLANG_WARN_OBJC_LITERAL_CONVERSION = YES;
				CLANG_WARN_OBJC_ROOT_CLASS = YES_ERROR;
				CLANG_WARN_QUOTED_INCLUDE_IN_FRAMEWORK_HEADER = YES;
				CLANG_WARN_RANGE_LOOP_ANALYSIS = YES;
				CLANG_WARN_STRICT_PROTOTYPES = YES;
				CLANG_WARN_SUSPICIOUS_MOVE = YES;
				CLANG_WARN_UNGUARDED_AVAILABILITY = YES_AGGRESSIVE;
				CLANG_WARN_UNREACHABLE_CODE = YES;
				CLANG_WARN__DUPLICATE_METHOD_MATCH = YES;
				COPY_PHASE_STRIP = NO;
				DEBUG_INFORMATION_FORMAT = "dwarf-with-dsym";
				ENABLE_NS_ASSERTIONS = NO;
				ENABLE_STRICT_OBJC_MSGSEND = YES;
				ENABLE_USER_SCRIPT_SANDBOXING = YES;
				GCC_C_LANGUAGE_STANDARD = gnu17;
				GCC_NO_COMMON_BLOCKS = YES;
				GCC_WARN_64_TO_32_BIT_CONVERSION = YES;
				GCC_WARN_ABOUT_RETURN_TYPE = YES_ERROR;
				GCC_WARN_UNDECLARED_SELECTOR = YES;
				GCC_WARN_UNINITIALIZED_AUTOS = YES_AGGRESSIVE;
				GCC_WARN_UNUSED_FUNCTION = YES;
				GCC_WARN_UNUSED_VARIABLE = YES;
				IPHONEOS_DEPLOYMENT_TARGET = 18.2;
				LOCALIZATION_PREFERS_STRING_CATALOGS = YES;
				MTL_ENABLE_DEBUG_INFO = NO;
				MTL_FAST_MATH = YES;
				SDKROOT = iphoneos;
				SWIFT_COMPILATION_MODE = wholemodule;
				VALIDATE_PRODUCT = YES;
			};
			name = Release;
		};
		3D2C11562F043086005DCB6A /* Debug */ = {
			isa = XCBuildConfiguration;
			buildSettings = {
				ASSETCATALOG_COMPILER_APPICON_NAME = AppIcon;
				ASSETCATALOG_COMPILER_GLOBAL_ACCENT_COLOR_NAME = AccentColor;
				CODE_SIGN_STYLE = Automatic;
				CURRENT_PROJECT_VERSION = 1;
				DEVELOPMENT_ASSET_PATHS = "\"swift_tutorial/Preview Content\"";
				DEVELOPMENT_TEAM = 23ULXV7A5W;
				ENABLE_PREVIEWS = YES;
				GENERATE_INFOPLIST_FILE = YES;
				INFOPLIST_FILE = "swift-tutorial-Info.plist";
				INFOPLIST_KEY_NSCameraUsageDescription = "";
				INFOPLIST_KEY_UIApplicationSceneManifest_Generation = YES;
				INFOPLIST_KEY_UIApplicationSupportsIndirectInputEvents = YES;
				INFOPLIST_KEY_UILaunchScreen_Generation = YES;
				INFOPLIST_KEY_UISupportedInterfaceOrientations_iPad = "UIInterfaceOrientationPortrait UIInterfaceOrientationPortraitUpsideDown UIInterfaceOrientationLandscapeLeft UIInterfaceOrientationLandscapeRight";
				INFOPLIST_KEY_UISupportedInterfaceOrientations_iPhone = "UIInterfaceOrientationPortrait UIInterfaceOrientationLandscapeLeft UIInterfaceOrientationLandscapeRight";
				LD_RUNPATH_SEARCH_PATHS = (
					"$(inherited)",
					"@executable_path/Frameworks",
				);
				MARKETING_VERSION = 1.0;
				PRODUCT_BUNDLE_IDENTIFIER = "com.ciracino88.swift-tutorial";
				PRODUCT_NAME = "$(TARGET_NAME)";
				SWIFT_EMIT_LOC_STRINGS = YES;
				SWIFT_VERSION = 5.0;
				TARGETED_DEVICE_FAMILY = "1,2";
			};
			name = Debug;
		};
		3D2C11572F043086005DCB6A /* Release */ = {
			isa = XCBuildConfiguration;
			buildSettings = {
				ASSETCATALOG_COMPILER_APPICON_NAME = AppIcon;
				ASSETCATALOG_COMPILER_GLOBAL_ACCENT_COLOR_NAME = AccentColor;
				CODE_SIGN_STYLE = Automatic;
				CURRENT_PROJECT_VERSION = 1;
				DEVELOPMENT_ASSET_PATHS = "\"swift_tutorial/Preview Content\"";
				DEVELOPMENT_TEAM = 23ULXV7A5W;
				ENABLE_PREVIEWS = YES;
				GENERATE_INFOPLIST_FILE = YES;
				INFOPLIST_FILE = "swift-tutorial-Info.plist";
				INFOPLIST_KEY_NSCameraUsageDescription = "";
				INFOPLIST_KEY_UIApplicationSceneManifest_Generation = YES;
				INFOPLIST_KEY_UIApplicationSupportsIndirectInputEvents = YES;
				INFOPLIST_KEY_UILaunchScreen_Generation = YES;
				INFOPLIST_KEY_UISupportedInterfaceOrientations_iPad = "UIInterfaceOrientationPortrait UIInterfaceOrientationPortraitUpsideDown UIInterfaceOrientationLandscapeLeft UIInterfaceOrientationLandscapeRight";
				INFOPLIST_KEY_UISupportedInterfaceOrientations_iPhone = "UIInterfaceOrientationPortrait UIInterfaceOrientationLandscapeLeft UIInterfaceOrientationLandscapeRight";
				LD_RUNPATH_SEARCH_PATHS = (
					"$(inherited)",
					"@executable_path/Frameworks",
				);
				MARKETING_VERSION = 1.0;
				PRODUCT_BUNDLE_IDENTIFIER = "com.ciracino88.swift-tutorial";
				PRODUCT_NAME = "$(TARGET_NAME)";
				SWIFT_EMIT_LOC_STRINGS = YES;
				SWIFT_VERSION = 5.0;
				TARGETED_DEVICE_FAMILY = "1,2";
			};
			name = Release;
		};
		3D2C11592F043086005DCB6A /* Debug */ = {
			isa = XCBuildConfiguration;
			buildSettings = {
				BUNDLE_LOADER = "$(TEST_HOST)";
				CODE_SIGN_STYLE = Automatic;
				CURRENT_PROJECT_VERSION = 1;
				DEVELOPMENT_TEAM = 23ULXV7A5W;
				GENERATE_INFOPLIST_FILE = YES;
				IPHONEOS_DEPLOYMENT_TARGET = 18.2;
				MARKETING_VERSION = 1.0;
				PRODUCT_BUNDLE_IDENTIFIER = "com.ciracino88.swift-tutorialTests";
				PRODUCT_NAME = "$(TARGET_NAME)";
				SWIFT_EMIT_LOC_STRINGS = NO;
				SWIFT_VERSION = 5.0;
				TARGETED_DEVICE_FAMILY = "1,2";
				TEST_HOST = "$(BUILT_PRODUCTS_DIR)/swift_tutorial.app/$(BUNDLE_EXECUTABLE_FOLDER_PATH)/swift_tutorial";
			};
			name = Debug;
		};
		3D2C115A2F043086005DCB6A /* Release */ = {
			isa = XCBuildConfiguration;
			buildSettings = {
				BUNDLE_LOADER = "$(TEST_HOST)";
				CODE_SIGN_STYLE = Automatic;
				CURRENT_PROJECT_VERSION = 1;
				DEVELOPMENT_TEAM = 23ULXV7A5W;
				GENERATE_INFOPLIST_FILE = YES;
				IPHONEOS_DEPLOYMENT_TARGET = 18.2;
				MARKETING_VERSION = 1.0;
				PRODUCT_BUNDLE_IDENTIFIER = "com.ciracino88.swift-tutorialTests";
				PRODUCT_NAME = "$(TARGET_NAME)";
				SWIFT_EMIT_LOC_STRINGS = NO;
				SWIFT_VERSION = 5.0;
				TARGETED_DEVICE_FAMILY = "1,2";
				TEST_HOST = "$(BUILT_PRODUCTS_DIR)/swift_tutorial.app/$(BUNDLE_EXECUTABLE_FOLDER_PATH)/swift_tutorial";
			};
			name = Release;
		};
		3D2C115C2F043086005DCB6A /* Debug */ = {
			isa = XCBuildConfiguration;
			buildSettings = {
				CODE_SIGN_STYLE = Automatic;
				CURRENT_PROJECT_VERSION = 1;
				DEVELOPMENT_TEAM = 23ULXV7A5W;
				GENERATE_INFOPLIST_FILE = YES;
				MARKETING_VERSION = 1.0;
				PRODUCT_BUNDLE_IDENTIFIER = "com.ciracino88.swift-tutorialUITests";
				PRODUCT_NAME = "$(TARGET_NAME)";
				SWIFT_EMIT_LOC_STRINGS = NO;
				SWIFT_VERSION = 5.0;
				TARGETED_DEVICE_FAMILY = "1,2";
				TEST_TARGET_NAME = swift_tutorial;
			};
			name = Debug;
		};
		3D2C115D2F043086005DCB6A /* Release */ = {
			isa = XCBuildConfiguration;
			buildSettings = {
				CODE_SIGN_STYLE = Automatic;
				CURRENT_PROJECT_VERSION = 1;
				DEVELOPMENT_TEAM = 23ULXV7A5W;
				GENERATE_INFOPLIST_FILE = YES;
				MARKETING_VERSION = 1.0;
				PRODUCT_BUNDLE_IDENTIFIER = "com.ciracino88.swift-tutorialUITests";
				PRODUCT_NAME = "$(TARGET_NAME)";
				SWIFT_EMIT_LOC_STRINGS = NO;
				SWIFT_VERSION = 5.0;
				TARGETED_DEVICE_FAMILY = "1,2";
				TEST_TARGET_NAME = swift_tutorial;
			};
			name = Release;
		};
/* End XCBuildConfiguration section */

/* Begin XCConfigurationList section */
		3D2C112A2F043084005DCB6A /* Build configuration list for PBXProject "swift_tutorial" */ = {
			isa = XCConfigurationList;
			buildConfigurations = (
				3D2C11532F043086005DCB6A /* Debug */,
				3D2C11542F043086005DCB6A /* Release */,
			);
			defaultConfigurationIsVisible = 0;
			defaultConfigurationName = Release;
		};
		3D2C11552F043086005DCB6A /* Build configuration list for PBXNativeTarget "swift_tutorial" */ = {
			isa = XCConfigurationList;
			buildConfigurations = (
				3D2C11562F043086005DCB6A /* Debug */,
				3D2C11572F043086005DCB6A /* Release */,
			);
			defaultConfigurationIsVisible = 0;
			defaultConfigurationName = Release;
		};
		3D2C11582F043086005DCB6A /* Build configuration list for PBXNativeTarget "swift_tutorialTests" */ = {
			isa = XCConfigurationList;
			buildConfigurations = (
				3D2C11592F043086005DCB6A /* Debug */,
				3D2C115A2F043086005DCB6A /* Release */,
			);
			defaultConfigurationIsVisible = 0;
			defaultConfigurationName = Release;
		};
		3D2C115B2F043086005DCB6A /* Build configuration list for PBXNativeTarget "swift_tutorialUITests" */ = {
			isa = XCConfigurationList;
			buildConfigurations = (
				3D2C115C2F043086005DCB6A /* Debug */,
				3D2C115D2F043086005DCB6A /* Release */,
			);
			defaultConfigurationIsVisible = 0;
			defaultConfigurationName = Release;
		};
/* End XCConfigurationList section */

/* Begin XCRemoteSwiftPackageReference section */
		3D2BEA3B2F1FA1AA008A6F38 /* XCRemoteSwiftPackageReference "socket" */ = {
			isa = XCRemoteSwiftPackageReference;
			repositoryURL = "https://github.com/socketio/socket.io-client-swift";
			requirement = {
				branch = master;
				kind = branch;
			};
		};
		3D2C11702F0788BE005DCB6A /* XCRemoteSwiftPackageReference "TOCropViewController" */ = {
			isa = XCRemoteSwiftPackageReference;
			repositoryURL = "https://github.com/TimOliver/TOCropViewController";
			requirement = {
				kind = upToNextMajorVersion;
				minimumVersion = 2.6.1;
			};
		};
		3D2C11FE2F088577005DCB6A /* XCRemoteSwiftPackageReference "supabase-swift" */ = {
			isa = XCRemoteSwiftPackageReference;
			repositoryURL = "https://github.com/supabase/supabase-swift";
			requirement = {
				kind = upToNextMajorVersion;
				minimumVersion = 2.5.1;
			};
		};
		3D6D172E2F181C8B008B1CB8 /* XCRemoteSwiftPackageReference "GoogleSignIn-iOS" */ = {
			isa = XCRemoteSwiftPackageReference;
			repositoryURL = "https://github.com/google/GoogleSignIn-iOS.git";
			requirement = {
				kind = upToNextMajorVersion;
				minimumVersion = 9.1.0;
			};
		};
/* End XCRemoteSwiftPackageReference section */

/* Begin XCSwiftPackageProductDependency section */
		3D2BEA3C2F1FA1AA008A6F38 /* SocketIO */ = {
			isa = XCSwiftPackageProductDependency;
			package = 3D2BEA3B2F1FA1AA008A6F38 /* XCRemoteSwiftPackageReference "socket" */;
			productName = SocketIO;
		};
		3D2C11712F0788BE005DCB6A /* CropViewController */ = {
			isa = XCSwiftPackageProductDependency;
			package = 3D2C11702F0788BE005DCB6A /* XCRemoteSwiftPackageReference "TOCropViewController" */;
			productName = CropViewController;
		};
		3D2C11732F0788BE005DCB6A /* TOCropViewController */ = {
			isa = XCSwiftPackageProductDependency;
			package = 3D2C11702F0788BE005DCB6A /* XCRemoteSwiftPackageReference "TOCropViewController" */;
			productName = TOCropViewController;
		};
		3D2C11FF2F088577005DCB6A /* Auth */ = {
			isa = XCSwiftPackageProductDependency;
			package = 3D2C11FE2F088577005DCB6A /* XCRemoteSwiftPackageReference "supabase-swift" */;
			productName = Auth;
		};
		3D2C12012F088577005DCB6A /* Functions */ = {
			isa = XCSwiftPackageProductDependency;
			package = 3D2C11FE2F088577005DCB6A /* XCRemoteSwiftPackageReference "supabase-swift" */;
			productName = Functions;
		};
		3D2C12032F088577005DCB6A /* PostgREST */ = {
			isa = XCSwiftPackageProductDependency;
			package = 3D2C11FE2F088577005DCB6A /* XCRemoteSwiftPackageReference "supabase-swift" */;
			productName = PostgREST;
		};
		3D2C12052F088577005DCB6A /* Realtime */ = {
			isa = XCSwiftPackageProductDependency;
			package = 3D2C11FE2F088577005DCB6A /* XCRemoteSwiftPackageReference "supabase-swift" */;
			productName = Realtime;
		};
		3D2C12072F088577005DCB6A /* Storage */ = {
			isa = XCSwiftPackageProductDependency;
			package = 3D2C11FE2F088577005DCB6A /* XCRemoteSwiftPackageReference "supabase-swift" */;
			productName = Storage;
		};
		3D2C12282F0886B6005DCB6A /* Supabase */ = {
			isa = XCSwiftPackageProductDependency;
			package = 3D2C11FE2F088577005DCB6A /* XCRemoteSwiftPackageReference "supabase-swift" */;
			productName = Supabase;
		};
		3D6D172F2F181C8B008B1CB8 /* GoogleSignIn */ = {
			isa = XCSwiftPackageProductDependency;
			package = 3D6D172E2F181C8B008B1CB8 /* XCRemoteSwiftPackageReference "GoogleSignIn-iOS" */;
			productName = GoogleSignIn;
		};
		3D6D17312F181C8B008B1CB8 /* GoogleSignInSwift */ = {
			isa = XCSwiftPackageProductDependency;
			package = 3D6D172E2F181C8B008B1CB8 /* XCRemoteSwiftPackageReference "GoogleSignIn-iOS" */;
			productName = GoogleSignInSwift;
		};
/* End XCSwiftPackageProductDependency section */
	};
	rootObject = 3D2C11272F043084005DCB6A /* Project object */;
}
